Microsoft Visual Studio Solution File, Format Version 12.00
# Visual Studio Version 17
VisualStudioVersion = 17.5.2.0
MinimumVisualStudioVersion = 10.0.40219.1
Project("{FAE04EC0-301F-11D3-BF4B-00C04F79EFBC}") = "PayRollWebApp", "PayRollWebApp.csproj", "{5F73F8D0-6BEC-A2DC-5474-0293B9FDDB91}"
EndProject
Global
	GlobalSection(SolutionConfigurationPlatforms) = preSolution
		Debug|Any CPU = Debug|Any CPU
		Release|Any CPU = Release|Any CPU
	EndGlobalSection
	GlobalSection(ProjectConfigurationPlatforms) = postSolution
		{5F73F8D0-6BEC-A2DC-5474-0293B9FDDB91}.Debug|Any CPU.ActiveCfg = Debug|Any CPU
		{5F73F8D0-6BEC-A2DC-5474-0293B9FDDB91}.Debug|Any CPU.Build.0 = Debug|Any CPU
		{5F73F8D0-6BEC-A2DC-5474-0293B9FDDB91}.Release|Any CPU.ActiveCfg = Release|Any CPU
		{5F73F8D0-6BEC-A2DC-5474-0293B9FDDB91}.Release|Any CPU.Build.0 = Release|Any CPU
	EndGlobalSection
	GlobalSection(SolutionProperties) = preSolution
		HideSolutionNode = FALSE
	EndGlobalSection
	GlobalSection(ExtensibilityGlobals) = postSolution
		SolutionGuid = {A50FA847-10F1-446E-BA82-29A74FC164A7}
	EndGlobalSection
EndGlobal
